{
  "requires": true,
  "lockfileVersion": 1,
  "dependencies": {
    "tmoldovan-palindrome": {
      "version": "0.1.0",
      "resolved": "https://registry.npmjs.org/tmoldovan-palindrome/-/tmoldovan-palindrome-0.1.0.tgz",
      "integrity": "sha512-E2oE9aPB6B7aNq5wsoxLzIu879tUHplKaw8O4rlfKpgTOt2tb0N35DYqUY8IYYe+owl5ryvh/urADhIoS2JGrw=="
    }
  }
}
